{
  "name": "server",
  "lockfileVersion": 2,
  "requires": true,
  "packages": {
    "": {
      "dependencies": {
        "fake-tag": "^4.0.0"
      }
    },
    "node_modules/fake-tag": {
      "version": "4.0.0",
      "resolved": "https://registry.npmjs.org/fake-tag/-/fake-tag-4.0.0.tgz",
      "integrity": "sha512-U5CdULb/cv/2dvmQxLIXWzQnJG7H7PBL4/n3gPJJ/jjd961caW/DeI6ROtw6eriiWiGjaBeDtvluRCKPnkb2UA==",
      "engines": {
        "node": "^12.22.0 || ^14.17.0 || >= 16.0.0"
      },
      "funding": {
        "url": "https://github.com/sponsors/jaydenseric"
      }
    }
  },
  "dependencies": {
    "fake-tag": {
      "version": "4.0.0",
      "resolved": "https://registry.npmjs.org/fake-tag/-/fake-tag-4.0.0.tgz",
      "integrity": "sha512-U5CdULb/cv/2dvmQxLIXWzQnJG7H7PBL4/n3gPJJ/jjd961caW/DeI6ROtw6eriiWiGjaBeDtvluRCKPnkb2UA=="
    }
  }
}
